{
    "name": "night-jellyfish",
    "version": "0.0.1",
    "lockfileVersion": 2,
    "requires": true,
    "packages": {
        "": {
            "name": "night-jellyfish",
            "version": "0.0.1",
            "devDependencies": {
                "chroma.ts": "^1.0.10",
                "prettier": "2.0.2",
                "typescript": "^4.7.3"
            },
            "engines": {
                "vscode": "^1.68.0"
            }
        },
        "node_modules/chroma.ts": {
            "version": "1.0.10",
            "resolved": "https://registry.npmjs.org/chroma.ts/-/chroma.ts-1.0.10.tgz",
            "integrity": "sha512-0FOQiB6LaiOwoyaxP+a4d3sCIOSf7YvBKj3TfeQM4ZBb2yskRxe4FlT2P4YNpHz7kIB5rXsfmpyniyrYRRyVHw==",
            "dev": true
        },
        "node_modules/prettier": {
            "version": "2.0.2",
            "resolved": "https://registry.npmjs.org/prettier/-/prettier-2.0.2.tgz",
            "integrity": "sha512-5xJQIPT8BraI7ZnaDwSbu5zLrB6vvi8hVV58yHQ+QK64qrY40dULy0HSRlQ2/2IdzeBpjhDkqdcFBnFeDEMVdg==",
            "dev": true,
            "bin": {
                "prettier": "bin-prettier.js"
            },
            "engines": {
                "node": ">=10.13.0"
            }
        },
        "node_modules/typescript": {
            "version": "4.7.3",
            "resolved": "https://registry.npmjs.org/typescript/-/typescript-4.7.3.tgz",
            "integrity": "sha512-WOkT3XYvrpXx4vMMqlD+8R8R37fZkjyLGlxavMc4iB8lrl8L0DeTcHbYgw/v0N/z9wAFsgBhcsF0ruoySS22mA==",
            "dev": true,
            "bin": {
                "tsc": "bin/tsc",
                "tsserver": "bin/tsserver"
            },
            "engines": {
                "node": ">=4.2.0"
            }
        }
    },
    "dependencies": {
        "chroma.ts": {
            "version": "1.0.10",
            "resolved": "https://registry.npmjs.org/chroma.ts/-/chroma.ts-1.0.10.tgz",
            "integrity": "sha512-0FOQiB6LaiOwoyaxP+a4d3sCIOSf7YvBKj3TfeQM4ZBb2yskRxe4FlT2P4YNpHz7kIB5rXsfmpyniyrYRRyVHw==",
            "dev": true
        },
        "prettier": {
            "version": "2.0.2",
            "resolved": "https://registry.npmjs.org/prettier/-/prettier-2.0.2.tgz",
            "integrity": "sha512-5xJQIPT8BraI7ZnaDwSbu5zLrB6vvi8hVV58yHQ+QK64qrY40dULy0HSRlQ2/2IdzeBpjhDkqdcFBnFeDEMVdg==",
            "dev": true
        },
        "typescript": {
            "version": "4.7.3",
            "resolved": "https://registry.npmjs.org/typescript/-/typescript-4.7.3.tgz",
            "integrity": "sha512-WOkT3XYvrpXx4vMMqlD+8R8R37fZkjyLGlxavMc4iB8lrl8L0DeTcHbYgw/v0N/z9wAFsgBhcsF0ruoySS22mA==",
            "dev": true
        }
    }
}
